
Microsoft Visual Studio Solution File, Format Version 12.00
# Visual Studio 2013
VisualStudioVersion = 12.0.31101.0
MinimumVisualStudioVersion = 10.0.40219.1
Project("{FAE04EC0-301F-11D3-BF4B-00C04F79EFBC}") = "ExtendedDateTimeFormat", "ExtendedDateTimeFormat\ExtendedDateTimeFormat.csproj", "{DE828727-15F5-4327-933C-6D6825513400}"
EndProject
Project("{FAE04EC0-301F-11D3-BF4B-00C04F79EFBC}") = "ExtendedDateTimeFormatTests", "ExtendedDateTimeFormatTests\ExtendedDateTimeFormatTests.csproj", "{173E7F0E-F6FB-48AA-ADFB-DAF817E718FB}"
EndProject
Project("{FAE04EC0-301F-11D3-BF4B-00C04F79EFBC}") = "Validator", "Samples\Validator\Validator.csproj", "{9BD1D487-0747-4845-84B2-6FE321848FFC}"
EndProject
Global
	GlobalSection(SolutionConfigurationPlatforms) = preSolution
		Debug|Any CPU = Debug|Any CPU
		Release|Any CPU = Release|Any CPU
	EndGlobalSection
	GlobalSection(ProjectConfigurationPlatforms) = postSolution
		{DE828727-15F5-4327-933C-6D6825513400}.Debug|Any CPU.ActiveCfg = Debug|Any CPU
		{DE828727-15F5-4327-933C-6D6825513400}.Debug|Any CPU.Build.0 = Debug|Any CPU
		{DE828727-15F5-4327-933C-6D6825513400}.Release|Any CPU.ActiveCfg = Release|Any CPU
		{DE828727-15F5-4327-933C-6D6825513400}.Release|Any CPU.Build.0 = Release|Any CPU
		{173E7F0E-F6FB-48AA-ADFB-DAF817E718FB}.Debug|Any CPU.ActiveCfg = Debug|Any CPU
		{173E7F0E-F6FB-48AA-ADFB-DAF817E718FB}.Debug|Any CPU.Build.0 = Debug|Any CPU
		{173E7F0E-F6FB-48AA-ADFB-DAF817E718FB}.Release|Any CPU.ActiveCfg = Release|Any CPU
		{173E7F0E-F6FB-48AA-ADFB-DAF817E718FB}.Release|Any CPU.Build.0 = Release|Any CPU
		{9BD1D487-0747-4845-84B2-6FE321848FFC}.Debug|Any CPU.ActiveCfg = Debug|Any CPU
		{9BD1D487-0747-4845-84B2-6FE321848FFC}.Debug|Any CPU.Build.0 = Debug|Any CPU
		{9BD1D487-0747-4845-84B2-6FE321848FFC}.Release|Any CPU.ActiveCfg = Release|Any CPU
		{9BD1D487-0747-4845-84B2-6FE321848FFC}.Release|Any CPU.Build.0 = Release|Any CPU
	EndGlobalSection
	GlobalSection(SolutionProperties) = preSolution
		HideSolutionNode = FALSE
	EndGlobalSection
EndGlobal
